
Microsoft Visual Studio Solution File, Format Version 12.00
# Visual Studio Version 17
VisualStudioVersion = 17.3.32811.315
MinimumVisualStudioVersion = 10.0.40219.1
Project("{FAE04EC0-301F-11D3-BF4B-00C04F79EFBC}") = "Napad na zemljo", "Napad na zemljo\Napad na zemljo.csproj", "{37981AD5-8737-4BF9-B65D-1A2E151148E8}"
EndProject
Global
	GlobalSection(SolutionConfigurationPlatforms) = preSolution
		Debug|Any CPU = Debug|Any CPU
		Release|Any CPU = Release|Any CPU
	EndGlobalSection
	GlobalSection(ProjectConfigurationPlatforms) = postSolution
		{37981AD5-8737-4BF9-B65D-1A2E151148E8}.Debug|Any CPU.ActiveCfg = Debug|Any CPU
		{37981AD5-8737-4BF9-B65D-1A2E151148E8}.Debug|Any CPU.Build.0 = Debug|Any CPU
		{37981AD5-8737-4BF9-B65D-1A2E151148E8}.Release|Any CPU.ActiveCfg = Release|Any CPU
		{37981AD5-8737-4BF9-B65D-1A2E151148E8}.Release|Any CPU.Build.0 = Release|Any CPU
	EndGlobalSection
	GlobalSection(SolutionProperties) = preSolution
		HideSolutionNode = FALSE
	EndGlobalSection
	GlobalSection(ExtensibilityGlobals) = postSolution
		SolutionGuid = {02F4AA1F-77A4-4754-B18D-2FCD23DF7377}
	EndGlobalSection
EndGlobal
