
Microsoft Visual Studio Solution File, Format Version 12.00
# Visual Studio Version 17
VisualStudioVersion = 17.3.32811.315
MinimumVisualStudioVersion = 10.0.40219.1
Project("{FAE04EC0-301F-11D3-BF4B-00C04F79EFBC}") = "Vaja razredi lahke", "Vaja razredi lahke\Vaja razredi lahke.csproj", "{4BAF3BE7-D0D7-4838-875E-76FC09BABEA9}"
EndProject
Global
	GlobalSection(SolutionConfigurationPlatforms) = preSolution
		Debug|Any CPU = Debug|Any CPU
		Release|Any CPU = Release|Any CPU
	EndGlobalSection
	GlobalSection(ProjectConfigurationPlatforms) = postSolution
		{4BAF3BE7-D0D7-4838-875E-76FC09BABEA9}.Debug|Any CPU.ActiveCfg = Debug|Any CPU
		{4BAF3BE7-D0D7-4838-875E-76FC09BABEA9}.Debug|Any CPU.Build.0 = Debug|Any CPU
		{4BAF3BE7-D0D7-4838-875E-76FC09BABEA9}.Release|Any CPU.ActiveCfg = Release|Any CPU
		{4BAF3BE7-D0D7-4838-875E-76FC09BABEA9}.Release|Any CPU.Build.0 = Release|Any CPU
	EndGlobalSection
	GlobalSection(SolutionProperties) = preSolution
		HideSolutionNode = FALSE
	EndGlobalSection
	GlobalSection(ExtensibilityGlobals) = postSolution
		SolutionGuid = {9FED2F5C-96F7-4449-8869-C65298059493}
	EndGlobalSection
EndGlobal
