
Microsoft Visual Studio Solution File, Format Version 12.00
# Visual Studio Version 17
VisualStudioVersion = 17.3.32811.315
MinimumVisualStudioVersion = 10.0.40219.1
Project("{FAE04EC0-301F-11D3-BF4B-00C04F79EFBC}") = "vaja369", "vaja369\vaja369.csproj", "{9560D314-650B-4375-A183-8BB57EA07108}"
EndProject
Global
	GlobalSection(SolutionConfigurationPlatforms) = preSolution
		Debug|Any CPU = Debug|Any CPU
		Release|Any CPU = Release|Any CPU
	EndGlobalSection
	GlobalSection(ProjectConfigurationPlatforms) = postSolution
		{9560D314-650B-4375-A183-8BB57EA07108}.Debug|Any CPU.ActiveCfg = Debug|Any CPU
		{9560D314-650B-4375-A183-8BB57EA07108}.Debug|Any CPU.Build.0 = Debug|Any CPU
		{9560D314-650B-4375-A183-8BB57EA07108}.Release|Any CPU.ActiveCfg = Release|Any CPU
		{9560D314-650B-4375-A183-8BB57EA07108}.Release|Any CPU.Build.0 = Release|Any CPU
	EndGlobalSection
	GlobalSection(SolutionProperties) = preSolution
		HideSolutionNode = FALSE
	EndGlobalSection
	GlobalSection(ExtensibilityGlobals) = postSolution
		SolutionGuid = {FBA0A4D8-BF0C-47DD-953F-187EEB171A8E}
	EndGlobalSection
EndGlobal
