
Microsoft Visual Studio Solution File, Format Version 12.00
# Visual Studio Version 17
VisualStudioVersion = 17.3.32811.315
MinimumVisualStudioVersion = 10.0.40219.1
Project("{FAE04EC0-301F-11D3-BF4B-00C04F79EFBC}") = "vajaIzpis", "vajaIzpis\vajaIzpis.csproj", "{D9DCEF24-5443-4136-BC7F-06D22B93A5AF}"
EndProject
Global
	GlobalSection(SolutionConfigurationPlatforms) = preSolution
		Debug|Any CPU = Debug|Any CPU
		Release|Any CPU = Release|Any CPU
	EndGlobalSection
	GlobalSection(ProjectConfigurationPlatforms) = postSolution
		{D9DCEF24-5443-4136-BC7F-06D22B93A5AF}.Debug|Any CPU.ActiveCfg = Debug|Any CPU
		{D9DCEF24-5443-4136-BC7F-06D22B93A5AF}.Debug|Any CPU.Build.0 = Debug|Any CPU
		{D9DCEF24-5443-4136-BC7F-06D22B93A5AF}.Release|Any CPU.ActiveCfg = Release|Any CPU
		{D9DCEF24-5443-4136-BC7F-06D22B93A5AF}.Release|Any CPU.Build.0 = Release|Any CPU
	EndGlobalSection
	GlobalSection(SolutionProperties) = preSolution
		HideSolutionNode = FALSE
	EndGlobalSection
	GlobalSection(ExtensibilityGlobals) = postSolution
		SolutionGuid = {FAF8AB82-AA45-41A3-8A00-2BEA50254733}
	EndGlobalSection
EndGlobal
